
Microsoft Visual Studio Solution File, Format Version 12.00
# Visual Studio Version 16
VisualStudioVersion = 16.0.30011.22
MinimumVisualStudioVersion = 10.0.40219.1
Project("{9A19103F-16F7-4668-BE54-9A1E7A4F7556}") = "Infrastructure", "Infrastructure\Infrastructure.csproj", "{043FAD7A-512A-4302-A5D4-F1AB3B330DDD}"
EndProject
Project("{9A19103F-16F7-4668-BE54-9A1E7A4F7556}") = "Domain", "Domain\Domain.csproj", "{C7319126-45D3-4DF2-A4FB-A04B9A0FE2FC}"
EndProject
Project("{9A19103F-16F7-4668-BE54-9A1E7A4F7556}") = "Presentation", "Presentation\Presentation.csproj", "{BD564645-E1E7-45D7-8135-B0D001C6BD40}"
EndProject
Project("{9A19103F-16F7-4668-BE54-9A1E7A4F7556}") = "Application", "Application\Application.csproj", "{B43A6DA9-5C05-4615-98F8-5363CADE08B4}"
EndProject
Global
	GlobalSection(SolutionConfigurationPlatforms) = preSolution
		Debug|Any CPU = Debug|Any CPU
		Release|Any CPU = Release|Any CPU
	EndGlobalSection
	GlobalSection(ProjectConfigurationPlatforms) = postSolution
		{043FAD7A-512A-4302-A5D4-F1AB3B330DDD}.Debug|Any CPU.ActiveCfg = Debug|Any CPU
		{043FAD7A-512A-4302-A5D4-F1AB3B330DDD}.Debug|Any CPU.Build.0 = Debug|Any CPU
		{043FAD7A-512A-4302-A5D4-F1AB3B330DDD}.Release|Any CPU.ActiveCfg = Release|Any CPU
		{043FAD7A-512A-4302-A5D4-F1AB3B330DDD}.Release|Any CPU.Build.0 = Release|Any CPU
		{C7319126-45D3-4DF2-A4FB-A04B9A0FE2FC}.Debug|Any CPU.ActiveCfg = Debug|Any CPU
		{C7319126-45D3-4DF2-A4FB-A04B9A0FE2FC}.Debug|Any CPU.Build.0 = Debug|Any CPU
		{C7319126-45D3-4DF2-A4FB-A04B9A0FE2FC}.Release|Any CPU.ActiveCfg = Release|Any CPU
		{C7319126-45D3-4DF2-A4FB-A04B9A0FE2FC}.Release|Any CPU.Build.0 = Release|Any CPU
		{BD564645-E1E7-45D7-8135-B0D001C6BD40}.Debug|Any CPU.ActiveCfg = Debug|Any CPU
		{BD564645-E1E7-45D7-8135-B0D001C6BD40}.Debug|Any CPU.Build.0 = Debug|Any CPU
		{BD564645-E1E7-45D7-8135-B0D001C6BD40}.Release|Any CPU.ActiveCfg = Release|Any CPU
		{BD564645-E1E7-45D7-8135-B0D001C6BD40}.Release|Any CPU.Build.0 = Release|Any CPU
		{B43A6DA9-5C05-4615-98F8-5363CADE08B4}.Debug|Any CPU.ActiveCfg = Debug|Any CPU
		{B43A6DA9-5C05-4615-98F8-5363CADE08B4}.Debug|Any CPU.Build.0 = Debug|Any CPU
		{B43A6DA9-5C05-4615-98F8-5363CADE08B4}.Release|Any CPU.ActiveCfg = Release|Any CPU
		{B43A6DA9-5C05-4615-98F8-5363CADE08B4}.Release|Any CPU.Build.0 = Release|Any CPU
	EndGlobalSection
	GlobalSection(SolutionProperties) = preSolution
		HideSolutionNode = FALSE
	EndGlobalSection
	GlobalSection(ExtensibilityGlobals) = postSolution
		SolutionGuid = {5B1AC861-D613-44EF-B784-39EAA87FDDFC}
	EndGlobalSection
EndGlobal
